
Microsoft Visual Studio Solution File, Format Version 12.00
# Visual Studio 15
VisualStudioVersion = 15.0.28307.136
MinimumVisualStudioVersion = 10.0.40219.1
Project("{FAE04EC0-301F-11D3-BF4B-00C04F79EFBC}") = "AssignWebApi", "AssignWebApi\AssignWebApi.csproj", "{D989A103-C062-44EF-BD70-E637EFFC204F}"
EndProject
Project("{FAE04EC0-301F-11D3-BF4B-00C04F79EFBC}") = "WebApiNunits_Test", "WebApiNunits_Test\WebApiNunits_Test.csproj", "{6C0081ED-082B-4172-ABD0-F0375BB6CE93}"
EndProject
Project("{FAE04EC0-301F-11D3-BF4B-00C04F79EFBC}") = "ConsoleApp1", "ConsoleApp1\ConsoleApp1.csproj", "{35159BEB-9262-45BD-B13E-3C1637053D58}"
EndProject
Global
	GlobalSection(SolutionConfigurationPlatforms) = preSolution
		Debug|Any CPU = Debug|Any CPU
		Release|Any CPU = Release|Any CPU
	EndGlobalSection
	GlobalSection(ProjectConfigurationPlatforms) = postSolution
		{D989A103-C062-44EF-BD70-E637EFFC204F}.Debug|Any CPU.ActiveCfg = Debug|Any CPU
		{D989A103-C062-44EF-BD70-E637EFFC204F}.Debug|Any CPU.Build.0 = Debug|Any CPU
		{D989A103-C062-44EF-BD70-E637EFFC204F}.Release|Any CPU.ActiveCfg = Release|Any CPU
		{D989A103-C062-44EF-BD70-E637EFFC204F}.Release|Any CPU.Build.0 = Release|Any CPU
		{6C0081ED-082B-4172-ABD0-F0375BB6CE93}.Debug|Any CPU.ActiveCfg = Debug|Any CPU
		{6C0081ED-082B-4172-ABD0-F0375BB6CE93}.Debug|Any CPU.Build.0 = Debug|Any CPU
		{6C0081ED-082B-4172-ABD0-F0375BB6CE93}.Release|Any CPU.ActiveCfg = Release|Any CPU
		{6C0081ED-082B-4172-ABD0-F0375BB6CE93}.Release|Any CPU.Build.0 = Release|Any CPU
		{35159BEB-9262-45BD-B13E-3C1637053D58}.Debug|Any CPU.ActiveCfg = Debug|Any CPU
		{35159BEB-9262-45BD-B13E-3C1637053D58}.Debug|Any CPU.Build.0 = Debug|Any CPU
		{35159BEB-9262-45BD-B13E-3C1637053D58}.Release|Any CPU.ActiveCfg = Release|Any CPU
		{35159BEB-9262-45BD-B13E-3C1637053D58}.Release|Any CPU.Build.0 = Release|Any CPU
	EndGlobalSection
	GlobalSection(SolutionProperties) = preSolution
		HideSolutionNode = FALSE
	EndGlobalSection
	GlobalSection(ExtensibilityGlobals) = postSolution
		SolutionGuid = {395B3D09-8D31-40D9-8F1F-088A17D770D0}
	EndGlobalSection
EndGlobal
